
Microsoft Visual Studio Solution File, Format Version 12.00
# Visual Studio Version 17
VisualStudioVersion = 17.10.34928.147
MinimumVisualStudioVersion = 10.0.40219.1
Project("{FAE04EC0-301F-11D3-BF4B-00C04F79EFBC}") = "HTMLToPDFWebAPI", "HTMLToPDFWebAPI.csproj", "{8F2EA6A5-9B39-412F-B28B-CE5B0854A8CD}"
EndProject
Global
	GlobalSection(SolutionConfigurationPlatforms) = preSolution
		Debug|Any CPU = Debug|Any CPU
		Release|Any CPU = Release|Any CPU
	EndGlobalSection
	GlobalSection(ProjectConfigurationPlatforms) = postSolution
		{8F2EA6A5-9B39-412F-B28B-CE5B0854A8CD}.Debug|Any CPU.ActiveCfg = Debug|Any CPU
		{8F2EA6A5-9B39-412F-B28B-CE5B0854A8CD}.Debug|Any CPU.Build.0 = Debug|Any CPU
		{8F2EA6A5-9B39-412F-B28B-CE5B0854A8CD}.Release|Any CPU.ActiveCfg = Release|Any CPU
		{8F2EA6A5-9B39-412F-B28B-CE5B0854A8CD}.Release|Any CPU.Build.0 = Release|Any CPU
	EndGlobalSection
	GlobalSection(SolutionProperties) = preSolution
		HideSolutionNode = FALSE
	EndGlobalSection
	GlobalSection(ExtensibilityGlobals) = postSolution
		SolutionGuid = {F584FDC2-7D7A-4955-8D89-CCDC45D81772}
	EndGlobalSection
EndGlobal
